PODS:
  - Appirater (2.3.1)
  - ZZLib (0.4.0):
    - Appirater

DEPENDENCIES:
  - ZZLib (from `../`)

SPEC REPOS:
  https://github.com/cocoapods/specs.git:
    - Appirater

EXTERNAL SOURCES:
  ZZLib:
    :path: "../"

SPEC CHECKSUMS:
  Appirater: 44a4651f7912a17dc906b655f0c215d5bb768b84
  ZZLib: d3b17fa74defff14733d7376b7ee4d5e18a26295

PODFILE CHECKSUM: b8fd01d8fd34471c6f69281e63197da97a6a6d15

COCOAPODS: 1.5.3
