PODS:
  - Appirater (2.1.2)
  - ZZLib (0.1.5):
    - Appirater

DEPENDENCIES:
  - ZZLib (from `../`)

EXTERNAL SOURCES:
  ZZLib:
    :path: "../"

SPEC CHECKSUMS:
  Appirater: f1c9e53e8b612193e6256144f6a0fd2e31f4340d
  ZZLib: 4dd73ddf83b3fd622d8b71a84f8ab11994f674e3

PODFILE CHECKSUM: b8fd01d8fd34471c6f69281e63197da97a6a6d15

COCOAPODS: 1.2.0
