PODS:
  - Appirater (2.3.1)
  - Localize-Swift (2.0.0)
  - ZZLib (0.5.0):
    - Appirater
    - Localize-Swift

DEPENDENCIES:
  - ZZLib (from `../`)

SPEC REPOS:
  https://github.com/cocoapods/specs.git:
    - Appirater
    - Localize-Swift

EXTERNAL SOURCES:
  ZZLib:
    :path: "../"

SPEC CHECKSUMS:
  Appirater: 44a4651f7912a17dc906b655f0c215d5bb768b84
  Localize-Swift: c798ec9286494866f7068f85f7c71283ac5bdab4
  ZZLib: adfe9769c7fd2b12efed7e1460b32a6ceb849b99

PODFILE CHECKSUM: b8fd01d8fd34471c6f69281e63197da97a6a6d15

COCOAPODS: 1.5.3
